// !$*UTF8*$!
{
	archiveVersion = 1;
	classes = {
	};
	objectVersion = 52;
	objects = {

/* Begin PBXBuildFile section */
		737F3BB10AFC01EDDE698444 /* Pods_NewsReadingAppTests.framework in Frameworks */ = {isa = PBXBuildFile; fileRef = 2FE6B3C52A232B8FC9C878DB /* Pods_NewsReadingAppTests.framework */; };
		840C5FB8C3F4920D87C36E23 /* Pods_NewsReadingApp.framework in Frameworks */ = {isa = PBXBuildFile; fileRef = 339598C99CE17F5F58E41E95 /* Pods_NewsReadingApp.framework */; };
		9D1B3CC851E40A4C12DAF53B /* Pods_NewsReadingApp_NewsReadingAppUITests.framework in Frameworks */ = {isa = PBXBuildFile; fileRef = 4DC1C3A1DB85B3F8F352C7B2 /* Pods_NewsReadingApp_NewsReadingAppUITests.framework */; };
		AB0F1D7F25FCB49E000DBB92 /* AppDelegate.swift in Sources */ = {isa = PBXBuildFile; fileRef = AB0F1D7E25FCB49E000DBB92 /* AppDelegate.swift */; };
		AB0F1D8125FCB49E000DBB92 /* SceneDelegate.swift in Sources */ = {isa = PBXBuildFile; fileRef = AB0F1D8025FCB49E000DBB92 /* SceneDelegate.swift */; };
		AB0F1D8525FCB4A0000DBB92 /* Assets.xcassets in Resources */ = {isa = PBXBuildFile; fileRef = AB0F1D8425FCB4A0000DBB92 /* Assets.xcassets */; };
		AB0F1D8825FCB4A0000DBB92 /* Preview Assets.xcassets in Resources */ = {isa = PBXBuildFile; fileRef = AB0F1D8725FCB4A0000DBB92 /* Preview Assets.xcassets */; };
		AB0F1D8B25FCB4A0000DBB92 /* LaunchScreen.storyboard in Resources */ = {isa = PBXBuildFile; fileRef = AB0F1D8925FCB4A0000DBB92 /* LaunchScreen.storyboard */; };
		AB0F1D9625FCB4A1000DBB92 /* NewsReadingAppTests.swift in Sources */ = {isa = PBXBuildFile; fileRef = AB0F1D9525FCB4A1000DBB92 /* NewsReadingAppTests.swift */; };
		AB0F1DA125FCB4A1000DBB92 /* NewsReadingAppUITests.swift in Sources */ = {isa = PBXBuildFile; fileRef = AB0F1DA025FCB4A1000DBB92 /* NewsReadingAppUITests.swift */; };
		AB0F1DC125FCB4EC000DBB92 /* ContentView.swift in Sources */ = {isa = PBXBuildFile; fileRef = AB0F1DC025FCB4EC000DBB92 /* ContentView.swift */; };
		AB0F1DC625FCB4F4000DBB92 /* LoginView.swift in Sources */ = {isa = PBXBuildFile; fileRef = AB0F1DC525FCB4F4000DBB92 /* LoginView.swift */; };
		AB0F1DCB25FCB4F8000DBB92 /* TopHeadlinesView.swift in Sources */ = {isa = PBXBuildFile; fileRef = AB0F1DCA25FCB4F8000DBB92 /* TopHeadlinesView.swift */; };
		AB0F1DD025FCB4FB000DBB92 /* YourNewsView.swift in Sources */ = {isa = PBXBuildFile; fileRef = AB0F1DCF25FCB4FB000DBB92 /* YourNewsView.swift */; };
		AB0F1DD525FCB4FE000DBB92 /* PreferencesView.swift in Sources */ = {isa = PBXBuildFile; fileRef = AB0F1DD425FCB4FE000DBB92 /* PreferencesView.swift */; };
		AB0F1DDA25FCB502000DBB92 /* AuthenticationProvider.swift in Sources */ = {isa = PBXBuildFile; fileRef = AB0F1DD925FCB502000DBB92 /* AuthenticationProvider.swift */; };
		AB0F1DDF25FCB505000DBB92 /* NetworkProvider.swift in Sources */ = {isa = PBXBuildFile; fileRef = AB0F1DDE25FCB505000DBB92 /* NetworkProvider.swift */; };
		AB0F1DE825FCB570000DBB92 /* BetterSafariView in Frameworks */ = {isa = PBXBuildFile; productRef = AB0F1DE725FCB570000DBB92 /* BetterSafariView */; };
		AB1E008425FFA9D900F6D8B3 /* ActivityIndicator.swift in Sources */ = {isa = PBXBuildFile; fileRef = AB1E008325FFA9D900F6D8B3 /* ActivityIndicator.swift */; };
		AB1E008A25FFAAFD00F6D8B3 /* ActivityIndicatorView in Frameworks */ = {isa = PBXBuildFile; productRef = AB1E008925FFAAFD00F6D8B3 /* ActivityIndicatorView */; };
		AB3C81342600EBB1008E9C59 /* Article.swift in Sources */ = {isa = PBXBuildFile; fileRef = AB3C81332600EBB1008E9C59 /* Article.swift */; };
		ABC7CBEF25FD0C9A0018DDC9 /* NewsDetailsView.swift in Sources */ = {isa = PBXBuildFile; fileRef = ABC7CBEE25FD0C9A0018DDC9 /* NewsDetailsView.swift */; };
		ABC7CBFC25FD12B60018DDC9 /* ImageLoader.swift in Sources */ = {isa = PBXBuildFile; fileRef = ABC7CBFB25FD12B60018DDC9 /* ImageLoader.swift */; };
		ABC7CC0A25FD1D560018DDC9 /* DatabaseProvider.swift in Sources */ = {isa = PBXBuildFile; fileRef = ABC7CC0925FD1D560018DDC9 /* DatabaseProvider.swift */; };
		ABF7105C25FE1E11008B9263 /* ChoosingPreferencesView.swift in Sources */ = {isa = PBXBuildFile; fileRef = ABF7105B25FE1E11008B9263 /* ChoosingPreferencesView.swift */; };
		ABF7106525FF2EF0008B9263 /* SwiftUIRefresh in Frameworks */ = {isa = PBXBuildFile; productRef = ABF7106425FF2EF0008B9263 /* SwiftUIRefresh */; };
/* End PBXBuildFile section */

/* Begin PBXContainerItemProxy section */
		AB0F1D9225FCB4A1000DBB92 /* PBXContainerItemProxy */ = {
			isa = PBXContainerItemProxy;
			containerPortal = AB0F1D7325FCB49E000DBB92 /* Project object */;
			proxyType = 1;
			remoteGlobalIDString = AB0F1D7A25FCB49E000DBB92;
			remoteInfo = NewsReadingApp;
		};
		AB0F1D9D25FCB4A1000DBB92 /* PBXContainerItemProxy */ = {
			isa = PBXContainerItemProxy;
			containerPortal = AB0F1D7325FCB49E000DBB92 /* Project object */;
			proxyType = 1;
			remoteGlobalIDString = AB0F1D7A25FCB49E000DBB92;
			remoteInfo = NewsReadingApp;
		};
/* End PBXContainerItemProxy section */

/* Begin PBXFileReference section */
		005B5D7B25EFCCBA569C3CD5 /* Pods-NewsReadingApp.release.xcconfig */ = {isa = PBXFileReference; includeInIndex = 1; lastKnownFileType = text.xcconfig; name = "Pods-NewsReadingApp.release.xcconfig"; path = "Target Support Files/Pods-NewsReadingApp/Pods-NewsReadingApp.release.xcconfig"; sourceTree = "<group>"; };
		0D7DF0B57A068F1491F94087 /* Pods-NewsReadingApp.debug.xcconfig */ = {isa = PBXFileReference; includeInIndex = 1; lastKnownFileType = text.xcconfig; name = "Pods-NewsReadingApp.debug.xcconfig"; path = "Target Support Files/Pods-NewsReadingApp/Pods-NewsReadingApp.debug.xcconfig"; sourceTree = "<group>"; };
		2FE6B3C52A232B8FC9C878DB /* Pods_NewsReadingAppTests.framework */ = {isa = PBXFileReference; explicitFileType = wrapper.framework; includeInIndex = 0; path = Pods_NewsReadingAppTests.framework; sourceTree = BUILT_PRODUCTS_DIR; };
		339598C99CE17F5F58E41E95 /* Pods_NewsReadingApp.framework */ = {isa = PBXFileReference; explicitFileType = wrapper.framework; includeInIndex = 0; path = Pods_NewsReadingApp.framework; sourceTree = BUILT_PRODUCTS_DIR; };
		4DC1C3A1DB85B3F8F352C7B2 /* Pods_NewsReadingApp_NewsReadingAppUITests.framework */ = {isa = PBXFileReference; explicitFileType = wrapper.framework; includeInIndex = 0; path = Pods_NewsReadingApp_NewsReadingAppUITests.framework; sourceTree = BUILT_PRODUCTS_DIR; };
		751FD8127190B507DD1CA364 /* Pods-NewsReadingAppTests.release.xcconfig */ = {isa = PBXFileReference; includeInIndex = 1; lastKnownFileType = text.xcconfig; name = "Pods-NewsReadingAppTests.release.xcconfig"; path = "Target Support Files/Pods-NewsReadingAppTests/Pods-NewsReadingAppTests.release.xcconfig"; sourceTree = "<group>"; };
		8F55D702B2E684D7A7355431 /* Pods-NewsReadingApp-NewsReadingAppUITests.release.xcconfig */ = {isa = PBXFileReference; includeInIndex = 1; lastKnownFileType = text.xcconfig; name = "Pods-NewsReadingApp-NewsReadingAppUITests.release.xcconfig"; path = "Target Support Files/Pods-NewsReadingApp-NewsReadingAppUITests/Pods-NewsReadingApp-NewsReadingAppUITests.release.xcconfig"; sourceTree = "<group>"; };
		AB0F1D7B25FCB49E000DBB92 /* NewsReadingApp.app */ = {isa = PBXFileReference; explicitFileType = wrapper.application; includeInIndex = 0; path = NewsReadingApp.app; sourceTree = BUILT_PRODUCTS_DIR; };
		AB0F1D7E25FCB49E000DBB92 /* AppDelegate.swift */ = {isa = PBXFileReference; lastKnownFileType = sourcecode.swift; path = AppDelegate.swift; sourceTree = "<group>"; };
		AB0F1D8025FCB49E000DBB92 /* SceneDelegate.swift */ = {isa = PBXFileReference; lastKnownFileType = sourcecode.swift; path = SceneDelegate.swift; sourceTree = "<group>"; };
		AB0F1D8425FCB4A0000DBB92 /* Assets.xcassets */ = {isa = PBXFileReference; lastKnownFileType = folder.assetcatalog; path = Assets.xcassets; sourceTree = "<group>"; };
		AB0F1D8725FCB4A0000DBB92 /* Preview Assets.xcassets */ = {isa = PBXFileReference; lastKnownFileType = folder.assetcatalog; path = "Preview Assets.xcassets"; sourceTree = "<group>"; };
		AB0F1D8A25FCB4A0000DBB92 /* Base */ = {isa = PBXFileReference; lastKnownFileType = file.storyboard; name = Base; path = Base.lproj/LaunchScreen.storyboard; sourceTree = "<group>"; };
		AB0F1D8C25FCB4A0000DBB92 /* Info.plist */ = {isa = PBXFileReference; lastKnownFileType = text.plist.xml; path = Info.plist; sourceTree = "<group>"; };
		AB0F1D9125FCB4A1000DBB92 /* NewsReadingAppTests.xctest */ = {isa = PBXFileReference; explicitFileType = wrapper.cfbundle; includeInIndex = 0; path = NewsReadingAppTests.xctest; sourceTree = BUILT_PRODUCTS_DIR; };
		AB0F1D9525FCB4A1000DBB92 /* NewsReadingAppTests.swift */ = {isa = PBXFileReference; lastKnownFileType = sourcecode.swift; path = NewsReadingAppTests.swift; sourceTree = "<group>"; };
		AB0F1D9725FCB4A1000DBB92 /* Info.plist */ = {isa = PBXFileReference; lastKnownFileType = text.plist.xml; path = Info.plist; sourceTree = "<group>"; };
		AB0F1D9C25FCB4A1000DBB92 /* NewsReadingAppUITests.xctest */ = {isa = PBXFileReference; explicitFileType = wrapper.cfbundle; includeInIndex = 0; path = NewsReadingAppUITests.xctest; sourceTree = BUILT_PRODUCTS_DIR; };
		AB0F1DA025FCB4A1000DBB92 /* NewsReadingAppUITests.swift */ = {isa = PBXFileReference; lastKnownFileType = sourcecode.swift; path = NewsReadingAppUITests.swift; sourceTree = "<group>"; };
		AB0F1DA225FCB4A1000DBB92 /* Info.plist */ = {isa = PBXFileReference; lastKnownFileType = text.plist.xml; path = Info.plist; sourceTree = "<group>"; };
		AB0F1DC025FCB4EC000DBB92 /* ContentView.swift */ = {isa = PBXFileReference; fileEncoding = 4; lastKnownFileType = sourcecode.swift; path = ContentView.swift; sourceTree = "<group>"; };
		AB0F1DC525FCB4F4000DBB92 /* LoginView.swift */ = {isa = PBXFileReference; fileEncoding = 4; lastKnownFileType = sourcecode.swift; path = LoginView.swift; sourceTree = "<group>"; };
		AB0F1DCA25FCB4F8000DBB92 /* TopHeadlinesView.swift */ = {isa = PBXFileReference; fileEncoding = 4; lastKnownFileType = sourcecode.swift; path = TopHeadlinesView.swift; sourceTree = "<group>"; };
		AB0F1DCF25FCB4FB000DBB92 /* YourNewsView.swift */ = {isa = PBXFileReference; fileEncoding = 4; lastKnownFileType = sourcecode.swift; path = YourNewsView.swift; sourceTree = "<group>"; };
		AB0F1DD425FCB4FE000DBB92 /* PreferencesView.swift */ = {isa = PBXFileReference; fileEncoding = 4; lastKnownFileType = sourcecode.swift; path = PreferencesView.swift; sourceTree = "<group>"; };
		AB0F1DD925FCB502000DBB92 /* AuthenticationProvider.swift */ = {isa = PBXFileReference; fileEncoding = 4; lastKnownFileType = sourcecode.swift; path = AuthenticationProvider.swift; sourceTree = "<group>"; };
		AB0F1DDE25FCB505000DBB92 /* NetworkProvider.swift */ = {isa = PBXFileReference; fileEncoding = 4; lastKnownFileType = sourcecode.swift; path = NetworkProvider.swift; sourceTree = "<group>"; };
		AB1E008325FFA9D900F6D8B3 /* ActivityIndicator.swift */ = {isa = PBXFileReference; lastKnownFileType = sourcecode.swift; path = ActivityIndicator.swift; sourceTree = "<group>"; };
		AB3C81332600EBB1008E9C59 /* Article.swift */ = {isa = PBXFileReference; lastKnownFileType = sourcecode.swift; path = Article.swift; sourceTree = "<group>"; };
		ABC7CBEE25FD0C9A0018DDC9 /* NewsDetailsView.swift */ = {isa = PBXFileReference; lastKnownFileType = sourcecode.swift; path = NewsDetailsView.swift; sourceTree = "<group>"; };
		ABC7CBFB25FD12B60018DDC9 /* ImageLoader.swift */ = {isa = PBXFileReference; lastKnownFileType = sourcecode.swift; path = ImageLoader.swift; sourceTree = "<group>"; };
		ABC7CC0925FD1D560018DDC9 /* DatabaseProvider.swift */ = {isa = PBXFileReference; lastKnownFileType = sourcecode.swift; path = DatabaseProvider.swift; sourceTree = "<group>"; };
		ABF7105B25FE1E11008B9263 /* ChoosingPreferencesView.swift */ = {isa = PBXFileReference; lastKnownFileType = sourcecode.swift; path = ChoosingPreferencesView.swift; sourceTree = "<group>"; };
		BCFBB84EE20007E7C75F404B /* Pods-NewsReadingApp-NewsReadingAppUITests.debug.xcconfig */ = {isa = PBXFileReference; includeInIndex = 1; lastKnownFileType = text.xcconfig; name = "Pods-NewsReadingApp-NewsReadingAppUITests.debug.xcconfig"; path = "Target Support Files/Pods-NewsReadingApp-NewsReadingAppUITests/Pods-NewsReadingApp-NewsReadingAppUITests.debug.xcconfig"; sourceTree = "<group>"; };
		BE9C1ECD96328607CAAC86FE /* Pods-NewsReadingAppTests.debug.xcconfig */ = {isa = PBXFileReference; includeInIndex = 1; lastKnownFileType = text.xcconfig; name = "Pods-NewsReadingAppTests.debug.xcconfig"; path = "Target Support Files/Pods-NewsReadingAppTests/Pods-NewsReadingAppTests.debug.xcconfig"; sourceTree = "<group>"; };
/* End PBXFileReference section */

/* Begin PBXFrameworksBuildPhase section */
		AB0F1D7825FCB49E000DBB92 /* Frameworks */ = {
			isa = PBXFrameworksBuildPhase;
			buildActionMask = 2147483647;
			files = (
				ABF7106525FF2EF0008B9263 /* SwiftUIRefresh in Frameworks */,
				840C5FB8C3F4920D87C36E23 /* Pods_NewsReadingApp.framework in Frameworks */,
				AB1E008A25FFAAFD00F6D8B3 /* ActivityIndicatorView in Frameworks */,
				AB0F1DE825FCB570000DBB92 /* BetterSafariView in Frameworks */,
			);
			runOnlyForDeploymentPostprocessing = 0;
		};
		AB0F1D8E25FCB4A1000DBB92 /* Frameworks */ = {
			isa = PBXFrameworksBuildPhase;
			buildActionMask = 2147483647;
			files = (
				737F3BB10AFC01EDDE698444 /* Pods_NewsReadingAppTests.framework in Frameworks */,
			);
			runOnlyForDeploymentPostprocessing = 0;
		};
		AB0F1D9925FCB4A1000DBB92 /* Frameworks */ = {
			isa = PBXFrameworksBuildPhase;
			buildActionMask = 2147483647;
			files = (
				9D1B3CC851E40A4C12DAF53B /* Pods_NewsReadingApp_NewsReadingAppUITests.framework in Frameworks */,
			);
			runOnlyForDeploymentPostprocessing = 0;
		};
/* End PBXFrameworksBuildPhase section */

/* Begin PBXGroup section */
		500E6FDD3B360433FEC09D5F /* Frameworks */ = {
			isa = PBXGroup;
			children = (
				339598C99CE17F5F58E41E95 /* Pods_NewsReadingApp.framework */,
				4DC1C3A1DB85B3F8F352C7B2 /* Pods_NewsReadingApp_NewsReadingAppUITests.framework */,
				2FE6B3C52A232B8FC9C878DB /* Pods_NewsReadingAppTests.framework */,
			);
			name = Frameworks;
			sourceTree = "<group>";
		};
		95D7D1994A606BD1028C5463 /* Pods */ = {
			isa = PBXGroup;
			children = (
				0D7DF0B57A068F1491F94087 /* Pods-NewsReadingApp.debug.xcconfig */,
				005B5D7B25EFCCBA569C3CD5 /* Pods-NewsReadingApp.release.xcconfig */,
				BCFBB84EE20007E7C75F404B /* Pods-NewsReadingApp-NewsReadingAppUITests.debug.xcconfig */,
				8F55D702B2E684D7A7355431 /* Pods-NewsReadingApp-NewsReadingAppUITests.release.xcconfig */,
				BE9C1ECD96328607CAAC86FE /* Pods-NewsReadingAppTests.debug.xcconfig */,
				751FD8127190B507DD1CA364 /* Pods-NewsReadingAppTests.release.xcconfig */,
			);
			path = Pods;
			sourceTree = "<group>";
		};
		AB0F1D7225FCB49E000DBB92 = {
			isa = PBXGroup;
			children = (
				AB0F1D7D25FCB49E000DBB92 /* NewsReadingApp */,
				AB0F1D9425FCB4A1000DBB92 /* NewsReadingAppTests */,
				AB0F1D9F25FCB4A1000DBB92 /* NewsReadingAppUITests */,
				AB0F1D7C25FCB49E000DBB92 /* Products */,
				95D7D1994A606BD1028C5463 /* Pods */,
				500E6FDD3B360433FEC09D5F /* Frameworks */,
			);
			sourceTree = "<group>";
		};
		AB0F1D7C25FCB49E000DBB92 /* Products */ = {
			isa = PBXGroup;
			children = (
				AB0F1D7B25FCB49E000DBB92 /* NewsReadingApp.app */,
				AB0F1D9125FCB4A1000DBB92 /* NewsReadingAppTests.xctest */,
				AB0F1D9C25FCB4A1000DBB92 /* NewsReadingAppUITests.xctest */,
			);
			name = Products;
			sourceTree = "<group>";
		};
		AB0F1D7D25FCB49E000DBB92 /* NewsReadingApp */ = {
			isa = PBXGroup;
			children = (
				AB0F1D7E25FCB49E000DBB92 /* AppDelegate.swift */,
				AB0F1D8025FCB49E000DBB92 /* SceneDelegate.swift */,
				AB0F1D8425FCB4A0000DBB92 /* Assets.xcassets */,
				AB0F1D8925FCB4A0000DBB92 /* LaunchScreen.storyboard */,
				AB0F1D8C25FCB4A0000DBB92 /* Info.plist */,
				AB1E008E25FFD38100F6D8B3 /* Views */,
				AB1E008F25FFD3A200F6D8B3 /* Helpers */,
				AB1E009025FFD3C900F6D8B3 /* Models */,
				AB0F1D8625FCB4A0000DBB92 /* Preview Content */,
			);
			path = NewsReadingApp;
			sourceTree = "<group>";
		};
		AB0F1D8625FCB4A0000DBB92 /* Preview Content */ = {
			isa = PBXGroup;
			children = (
				AB0F1D8725FCB4A0000DBB92 /* Preview Assets.xcassets */,
			);
			path = "Preview Content";
			sourceTree = "<group>";
		};
		AB0F1D9425FCB4A1000DBB92 /* NewsReadingAppTests */ = {
			isa = PBXGroup;
			children = (
				AB0F1D9525FCB4A1000DBB92 /* NewsReadingAppTests.swift */,
				AB0F1D9725FCB4A1000DBB92 /* Info.plist */,
			);
			path = NewsReadingAppTests;
			sourceTree = "<group>";
		};
		AB0F1D9F25FCB4A1000DBB92 /* NewsReadingAppUITests */ = {
			isa = PBXGroup;
			children = (
				AB0F1DA025FCB4A1000DBB92 /* NewsReadingAppUITests.swift */,
				AB0F1DA225FCB4A1000DBB92 /* Info.plist */,
			);
			path = NewsReadingAppUITests;
			sourceTree = "<group>";
		};
		AB1E008E25FFD38100F6D8B3 /* Views */ = {
			isa = PBXGroup;
			children = (
				ABC7CBEE25FD0C9A0018DDC9 /* NewsDetailsView.swift */,
				AB0F1DC025FCB4EC000DBB92 /* ContentView.swift */,
				AB0F1DC525FCB4F4000DBB92 /* LoginView.swift */,
				AB0F1DCA25FCB4F8000DBB92 /* TopHeadlinesView.swift */,
				AB0F1DCF25FCB4FB000DBB92 /* YourNewsView.swift */,
				ABF7105B25FE1E11008B9263 /* ChoosingPreferencesView.swift */,
				AB0F1DD425FCB4FE000DBB92 /* PreferencesView.swift */,
			);
			path = Views;
			sourceTree = "<group>";
		};
		AB1E008F25FFD3A200F6D8B3 /* Helpers */ = {
			isa = PBXGroup;
			children = (
				ABC7CBFB25FD12B60018DDC9 /* ImageLoader.swift */,
				AB1E008325FFA9D900F6D8B3 /* ActivityIndicator.swift */,
			);
			path = Helpers;
			sourceTree = "<group>";
		};
		AB1E009025FFD3C900F6D8B3 /* Models */ = {
			isa = PBXGroup;
			children = (
				ABC7CC0925FD1D560018DDC9 /* DatabaseProvider.swift */,
				AB0F1DDE25FCB505000DBB92 /* NetworkProvider.swift */,
				AB0F1DD925FCB502000DBB92 /* AuthenticationProvider.swift */,
				AB3C81332600EBB1008E9C59 /* Article.swift */,
			);
			path = Models;
			sourceTree = "<group>";
		};
/* End PBXGroup section */

/* Begin PBXNativeTarget section */
		AB0F1D7A25FCB49E000DBB92 /* NewsReadingApp */ = {
			isa = PBXNativeTarget;
			buildConfigurationList = AB0F1DA525FCB4A1000DBB92 /* Build configuration list for PBXNativeTarget "NewsReadingApp" */;
			buildPhases = (
				3315336602CE455EF880871F /* [CP] Check Pods Manifest.lock */,
				AB0F1D7725FCB49E000DBB92 /* Sources */,
				AB0F1D7825FCB49E000DBB92 /* Frameworks */,
				AB0F1D7925FCB49E000DBB92 /* Resources */,
				5DBE655346BFBC274CE2C2A1 /* [CP] Embed Pods Frameworks */,
			);
			buildRules = (
			);
			dependencies = (
			);
			name = NewsReadingApp;
			packageProductDependencies = (
				AB0F1DE725FCB570000DBB92 /* BetterSafariView */,
				ABF7106425FF2EF0008B9263 /* SwiftUIRefresh */,
				AB1E008925FFAAFD00F6D8B3 /* ActivityIndicatorView */,
			);
			productName = NewsReadingApp;
			productReference = AB0F1D7B25FCB49E000DBB92 /* NewsReadingApp.app */;
			productType = "com.apple.product-type.application";
		};
		AB0F1D9025FCB4A1000DBB92 /* NewsReadingAppTests */ = {
			isa = PBXNativeTarget;
			buildConfigurationList = AB0F1DA825FCB4A1000DBB92 /* Build configuration list for PBXNativeTarget "NewsReadingAppTests" */;
			buildPhases = (
				BCD16949F973FEB11115D006 /* [CP] Check Pods Manifest.lock */,
				AB0F1D8D25FCB4A1000DBB92 /* Sources */,
				AB0F1D8E25FCB4A1000DBB92 /* Frameworks */,
				AB0F1D8F25FCB4A1000DBB92 /* Resources */,
			);
			buildRules = (
			);
			dependencies = (
				AB0F1D9325FCB4A1000DBB92 /* PBXTargetDependency */,
			);
			name = NewsReadingAppTests;
			productName = NewsReadingAppTests;
			productReference = AB0F1D9125FCB4A1000DBB92 /* NewsReadingAppTests.xctest */;
			productType = "com.apple.product-type.bundle.unit-test";
		};
		AB0F1D9B25FCB4A1000DBB92 /* NewsReadingAppUITests */ = {
			isa = PBXNativeTarget;
			buildConfigurationList = AB0F1DAB25FCB4A1000DBB92 /* Build configuration list for PBXNativeTarget "NewsReadingAppUITests" */;
			buildPhases = (
				92E8F9850618B46A1106084B /* [CP] Check Pods Manifest.lock */,
				AB0F1D9825FCB4A1000DBB92 /* Sources */,
				AB0F1D9925FCB4A1000DBB92 /* Frameworks */,
				AB0F1D9A25FCB4A1000DBB92 /* Resources */,
				BABCF51E291D4B9211BFE8E3 /* [CP] Embed Pods Frameworks */,
			);
			buildRules = (
			);
			dependencies = (
				AB0F1D9E25FCB4A1000DBB92 /* PBXTargetDependency */,
			);
			name = NewsReadingAppUITests;
			productName = NewsReadingAppUITests;
			productReference = AB0F1D9C25FCB4A1000DBB92 /* NewsReadingAppUITests.xctest */;
			productType = "com.apple.product-type.bundle.ui-testing";
		};
/* End PBXNativeTarget section */

/* Begin PBXProject section */
		AB0F1D7325FCB49E000DBB92 /* Project object */ = {
			isa = PBXProject;
			attributes = {
				LastSwiftUpdateCheck = 1240;
				LastUpgradeCheck = 1240;
				TargetAttributes = {
					AB0F1D7A25FCB49E000DBB92 = {
						CreatedOnToolsVersion = 12.4;
					};
					AB0F1D9025FCB4A1000DBB92 = {
						CreatedOnToolsVersion = 12.4;
						TestTargetID = AB0F1D7A25FCB49E000DBB92;
					};
					AB0F1D9B25FCB4A1000DBB92 = {
						CreatedOnToolsVersion = 12.4;
						TestTargetID = AB0F1D7A25FCB49E000DBB92;
					};
				};
			};
			buildConfigurationList = AB0F1D7625FCB49E000DBB92 /* Build configuration list for PBXProject "NewsReadingApp" */;
			compatibilityVersion = "Xcode 9.3";
			developmentRegion = en;
			hasScannedForEncodings = 0;
			knownRegions = (
				en,
				Base,
			);
			mainGroup = AB0F1D7225FCB49E000DBB92;
			packageReferences = (
				AB0F1DE625FCB570000DBB92 /* XCRemoteSwiftPackageReference "BetterSafariView" */,
				ABF7106325FF2EF0008B9263 /* XCRemoteSwiftPackageReference "SwiftUIRefresh" */,
				AB1E008825FFAAFD00F6D8B3 /* XCRemoteSwiftPackageReference "ActivityIndicatorView" */,
			);
			productRefGroup = AB0F1D7C25FCB49E000DBB92 /* Products */;
			projectDirPath = "";
			projectRoot = "";
			targets = (
				AB0F1D7A25FCB49E000DBB92 /* NewsReadingApp */,
				AB0F1D9025FCB4A1000DBB92 /* NewsReadingAppTests */,
				AB0F1D9B25FCB4A1000DBB92 /* NewsReadingAppUITests */,
			);
		};
/* End PBXProject section */

/* Begin PBXResourcesBuildPhase section */
		AB0F1D7925FCB49E000DBB92 /* Resources */ = {
			isa = PBXResourcesBuildPhase;
			buildActionMask = 2147483647;
			files = (
				AB0F1D8B25FCB4A0000DBB92 /* LaunchScreen.storyboard in Resources */,
				AB0F1D8825FCB4A0000DBB92 /* Preview Assets.xcassets in Resources */,
				AB0F1D8525FCB4A0000DBB92 /* Assets.xcassets in Resources */,
			);
			runOnlyForDeploymentPostprocessing = 0;
		};
		AB0F1D8F25FCB4A1000DBB92 /* Resources */ = {
			isa = PBXResourcesBuildPhase;
			buildActionMask = 2147483647;
			files = (
			);
			runOnlyForDeploymentPostprocessing = 0;
		};
		AB0F1D9A25FCB4A1000DBB92 /* Resources */ = {
			isa = PBXResourcesBuildPhase;
			buildActionMask = 2147483647;
			files = (
			);
			runOnlyForDeploymentPostprocessing = 0;
		};
/* End PBXResourcesBuildPhase section */

/* Begin PBXShellScriptBuildPhase section */
		3315336602CE455EF880871F /* [CP] Check Pods Manifest.lock */ = {
			isa = PBXShellScriptBuildPhase;
			buildActionMask = 2147483647;
			files = (
			);
			inputFileListPaths = (
			);
			inputPaths = (
				"${PODS_PODFILE_DIR_PATH}/Podfile.lock",
				"${PODS_ROOT}/Manifest.lock",
			);
			name = "[CP] Check Pods Manifest.lock";
			outputFileListPaths = (
			);
			outputPaths = (
				"$(DERIVED_FILE_DIR)/Pods-NewsReadingApp-checkManifestLockResult.txt",
			);
			runOnlyForDeploymentPostprocessing = 0;
			shellPath = /bin/sh;
			shellScript = "diff \"${PODS_PODFILE_DIR_PATH}/Podfile.lock\" \"${PODS_ROOT}/Manifest.lock\" > /dev/null\nif [ $? != 0 ] ; then\n    # print error to STDERR\n    echo \"error: The sandbox is not in sync with the Podfile.lock. Run 'pod install' or update your CocoaPods installation.\" >&2\n    exit 1\nfi\n# This output is used by Xcode 'outputs' to avoid re-running this script phase.\necho \"SUCCESS\" > \"${SCRIPT_OUTPUT_FILE_0}\"\n";
			showEnvVarsInLog = 0;
		};
		5DBE655346BFBC274CE2C2A1 /* [CP] Embed Pods Frameworks */ = {
			isa = PBXShellScriptBuildPhase;
			buildActionMask = 2147483647;
			files = (
			);
			inputFileListPaths = (
				"${PODS_ROOT}/Target Support Files/Pods-NewsReadingApp/Pods-NewsReadingApp-frameworks-${CONFIGURATION}-input-files.xcfilelist",
			);
			name = "[CP] Embed Pods Frameworks";
			outputFileListPaths = (
				"${PODS_ROOT}/Target Support Files/Pods-NewsReadingApp/Pods-NewsReadingApp-frameworks-${CONFIGURATION}-output-files.xcfilelist",
			);
			runOnlyForDeploymentPostprocessing = 0;
			shellPath = /bin/sh;
			shellScript = "\"${PODS_ROOT}/Target Support Files/Pods-NewsReadingApp/Pods-NewsReadingApp-frameworks.sh\"\n";
			showEnvVarsInLog = 0;
		};
		92E8F9850618B46A1106084B /* [CP] Check Pods Manifest.lock */ = {
			isa = PBXShellScriptBuildPhase;
			buildActionMask = 2147483647;
			files = (
			);
			inputFileListPaths = (
			);
			inputPaths = (
				"${PODS_PODFILE_DIR_PATH}/Podfile.lock",
				"${PODS_ROOT}/Manifest.lock",
			);
			name = "[CP] Check Pods Manifest.lock";
			outputFileListPaths = (
			);
			outputPaths = (
				"$(DERIVED_FILE_DIR)/Pods-NewsReadingApp-NewsReadingAppUITests-checkManifestLockResult.txt",
			);
			runOnlyForDeploymentPostprocessing = 0;
			shellPath = /bin/sh;
			shellScript = "diff \"${PODS_PODFILE_DIR_PATH}/Podfile.lock\" \"${PODS_ROOT}/Manifest.lock\" > /dev/null\nif [ $? != 0 ] ; then\n    # print error to STDERR\n    echo \"error: The sandbox is not in sync with the Podfile.lock. Run 'pod install' or update your CocoaPods installation.\" >&2\n    exit 1\nfi\n# This output is used by Xcode 'outputs' to avoid re-running this script phase.\necho \"SUCCESS\" > \"${SCRIPT_OUTPUT_FILE_0}\"\n";
			showEnvVarsInLog = 0;
		};
		BABCF51E291D4B9211BFE8E3 /* [CP] Embed Pods Frameworks */ = {
			isa = PBXShellScriptBuildPhase;
			buildActionMask = 2147483647;
			files = (
			);
			inputFileListPaths = (
				"${PODS_ROOT}/Target Support Files/Pods-NewsReadingApp-NewsReadingAppUITests/Pods-NewsReadingApp-NewsReadingAppUITests-frameworks-${CONFIGURATION}-input-files.xcfilelist",
			);
			name = "[CP] Embed Pods Frameworks";
			outputFileListPaths = (
				"${PODS_ROOT}/Target Support Files/Pods-NewsReadingApp-NewsReadingAppUITests/Pods-NewsReadingApp-NewsReadingAppUITests-frameworks-${CONFIGURATION}-output-files.xcfilelist",
			);
			runOnlyForDeploymentPostprocessing = 0;
			shellPath = /bin/sh;
			shellScript = "\"${PODS_ROOT}/Target Support Files/Pods-NewsReadingApp-NewsReadingAppUITests/Pods-NewsReadingApp-NewsReadingAppUITests-frameworks.sh\"\n";
			showEnvVarsInLog = 0;
		};
		BCD16949F973FEB11115D006 /* [CP] Check Pods Manifest.lock */ = {
			isa = PBXShellScriptBuildPhase;
			buildActionMask = 2147483647;
			files = (
			);
			inputFileListPaths = (
			);
			inputPaths = (
				"${PODS_PODFILE_DIR_PATH}/Podfile.lock",
				"${PODS_ROOT}/Manifest.lock",
			);
			name = "[CP] Check Pods Manifest.lock";
			outputFileListPaths = (
			);
			outputPaths = (
				"$(DERIVED_FILE_DIR)/Pods-NewsReadingAppTests-checkManifestLockResult.txt",
			);
			runOnlyForDeploymentPostprocessing = 0;
			shellPath = /bin/sh;
			shellScript = "diff \"${PODS_PODFILE_DIR_PATH}/Podfile.lock\" \"${PODS_ROOT}/Manifest.lock\" > /dev/null\nif [ $? != 0 ] ; then\n    # print error to STDERR\n    echo \"error: The sandbox is not in sync with the Podfile.lock. Run 'pod install' or update your CocoaPods installation.\" >&2\n    exit 1\nfi\n# This output is used by Xcode 'outputs' to avoid re-running this script phase.\necho \"SUCCESS\" > \"${SCRIPT_OUTPUT_FILE_0}\"\n";
			showEnvVarsInLog = 0;
		};
/* End PBXShellScriptBuildPhase section */

/* Begin PBXSourcesBuildPhase section */
		AB0F1D7725FCB49E000DBB92 /* Sources */ = {
			isa = PBXSourcesBuildPhase;
			buildActionMask = 2147483647;
			files = (
				AB0F1D7F25FCB49E000DBB92 /* AppDelegate.swift in Sources */,
				AB0F1D8125FCB49E000DBB92 /* SceneDelegate.swift in Sources */,
				AB0F1DDF25FCB505000DBB92 /* NetworkProvider.swift in Sources */,
				AB0F1DDA25FCB502000DBB92 /* AuthenticationProvider.swift in Sources */,
				AB1E008425FFA9D900F6D8B3 /* ActivityIndicator.swift in Sources */,
				ABC7CBEF25FD0C9A0018DDC9 /* NewsDetailsView.swift in Sources */,
				ABC7CBFC25FD12B60018DDC9 /* ImageLoader.swift in Sources */,
				AB0F1DD025FCB4FB000DBB92 /* YourNewsView.swift in Sources */,
				AB0F1DCB25FCB4F8000DBB92 /* TopHeadlinesView.swift in Sources */,
				AB0F1DC625FCB4F4000DBB92 /* LoginView.swift in Sources */,
				ABF7105C25FE1E11008B9263 /* ChoosingPreferencesView.swift in Sources */,
				ABC7CC0A25FD1D560018DDC9 /* DatabaseProvider.swift in Sources */,
				AB0F1DC125FCB4EC000DBB92 /* ContentView.swift in Sources */,
				AB0F1DD525FCB4FE000DBB92 /* PreferencesView.swift in Sources */,
				AB3C81342600EBB1008E9C59 /* Article.swift in Sources */,
			);
			runOnlyForDeploymentPostprocessing = 0;
		};
		AB0F1D8D25FCB4A1000DBB92 /* Sources */ = {
			isa = PBXSourcesBuildPhase;
			buildActionMask = 2147483647;
			files = (
				AB0F1D9625FCB4A1000DBB92 /* NewsReadingAppTests.swift in Sources */,
			);
			runOnlyForDeploymentPostprocessing = 0;
		};
		AB0F1D9825FCB4A1000DBB92 /* Sources */ = {
			isa = PBXSourcesBuildPhase;
			buildActionMask = 2147483647;
			files = (
				AB0F1DA125FCB4A1000DBB92 /* NewsReadingAppUITests.swift in Sources */,
			);
			runOnlyForDeploymentPostprocessing = 0;
		};
/* End PBXSourcesBuildPhase section */

/* Begin PBXTargetDependency section */
		AB0F1D9325FCB4A1000DBB92 /* PBXTargetDependency */ = {
			isa = PBXTargetDependency;
			target = AB0F1D7A25FCB49E000DBB92 /* NewsReadingApp */;
			targetProxy = AB0F1D9225FCB4A1000DBB92 /* PBXContainerItemProxy */;
		};
		AB0F1D9E25FCB4A1000DBB92 /* PBXTargetDependency */ = {
			isa = PBXTargetDependency;
			target = AB0F1D7A25FCB49E000DBB92 /* NewsReadingApp */;
			targetProxy = AB0F1D9D25FCB4A1000DBB92 /* PBXContainerItemProxy */;
		};
/* End PBXTargetDependency section */

/* Begin PBXVariantGroup section */
		AB0F1D8925FCB4A0000DBB92 /* LaunchScreen.storyboard */ = {
			isa = PBXVariantGroup;
			children = (
				AB0F1D8A25FCB4A0000DBB92 /* Base */,
			);
			name = LaunchScreen.storyboard;
			sourceTree = "<group>";
		};
/* End PBXVariantGroup section */

/* Begin XCBuildConfiguration section */
		AB0F1DA325FCB4A1000DBB92 /* Debug */ = {
			isa = XCBuildConfiguration;
			buildSettings = {
				ALWAYS_SEARCH_USER_PATHS = NO;
				CLANG_ANALYZER_NONNULL = YES;
				CLANG_ANALYZER_NUMBER_OBJECT_CONVERSION = YES_AGGRESSIVE;
				CLANG_CXX_LANGUAGE_STANDARD = "gnu++14";
				CLANG_CXX_LIBRARY = "libc++";
				CLANG_ENABLE_MODULES = YES;
				CLANG_ENABLE_OBJC_ARC = YES;
				CLANG_ENABLE_OBJC_WEAK = YES;
				CLANG_WARN_BLOCK_CAPTURE_AUTORELEASING = YES;
				CLANG_WARN_BOOL_CONVERSION = YES;
				CLANG_WARN_COMMA = YES;
				CLANG_WARN_CONSTANT_CONVERSION = YES;
				CLANG_WARN_DEPRECATED_OBJC_IMPLEMENTATIONS = YES;
				CLANG_WARN_DIRECT_OBJC_ISA_USAGE = YES_ERROR;
				CLANG_WARN_DOCUMENTATION_COMMENTS = YES;
				CLANG_WARN_EMPTY_BODY = YES;
				CLANG_WARN_ENUM_CONVERSION = YES;
				CLANG_WARN_INFINITE_RECURSION = YES;
				CLANG_WARN_INT_CONVERSION = YES;
				CLANG_WARN_NON_LITERAL_NULL_CONVERSION = YES;
				CLANG_WARN_OBJC_IMPLICIT_RETAIN_SELF = YES;
				CLANG_WARN_OBJC_LITERAL_CONVERSION = YES;
				CLANG_WARN_OBJC_ROOT_CLASS = YES_ERROR;
				CLANG_WARN_QUOTED_INCLUDE_IN_FRAMEWORK_HEADER = YES;
				CLANG_WARN_RANGE_LOOP_ANALYSIS = YES;
				CLANG_WARN_STRICT_PROTOTYPES = YES;
				CLANG_WARN_SUSPICIOUS_MOVE = YES;
				CLANG_WARN_UNGUARDED_AVAILABILITY = YES_AGGRESSIVE;
				CLANG_WARN_UNREACHABLE_CODE = YES;
				CLANG_WARN__DUPLICATE_METHOD_MATCH = YES;
				COPY_PHASE_STRIP = NO;
				DEBUG_INFORMATION_FORMAT = dwarf;
				ENABLE_STRICT_OBJC_MSGSEND = YES;
				ENABLE_TESTABILITY = YES;
				GCC_C_LANGUAGE_STANDARD = gnu11;
				GCC_DYNAMIC_NO_PIC = NO;
				GCC_NO_COMMON_BLOCKS = YES;
				GCC_OPTIMIZATION_LEVEL = 0;
				GCC_PREPROCESSOR_DEFINITIONS = (
					"DEBUG=1",
					"$(inherited)",
				);
				GCC_WARN_64_TO_32_BIT_CONVERSION = YES;
				GCC_WARN_ABOUT_RETURN_TYPE = YES_ERROR;
				GCC_WARN_UNDECLARED_SELECTOR = YES;
				GCC_WARN_UNINITIALIZED_AUTOS = YES_AGGRESSIVE;
				GCC_WARN_UNUSED_FUNCTION = YES;
				GCC_WARN_UNUSED_VARIABLE = YES;
				IPHONEOS_DEPLOYMENT_TARGET = 14.1;
				MTL_ENABLE_DEBUG_INFO = INCLUDE_SOURCE;
				MTL_FAST_MATH = YES;
				ONLY_ACTIVE_ARCH = YES;
				SDKROOT = iphoneos;
				SWIFT_ACTIVE_COMPILATION_CONDITIONS = DEBUG;
				SWIFT_OPTIMIZATION_LEVEL = "-Onone";
			};
			name = Debug;
		};
		AB0F1DA425FCB4A1000DBB92 /* Release */ = {
			isa = XCBuildConfiguration;
			buildSettings = {
				ALWAYS_SEARCH_USER_PATHS = NO;
				CLANG_ANALYZER_NONNULL = YES;
				CLANG_ANALYZER_NUMBER_OBJECT_CONVERSION = YES_AGGRESSIVE;
				CLANG_CXX_LANGUAGE_STANDARD = "gnu++14";
				CLANG_CXX_LIBRARY = "libc++";
				CLANG_ENABLE_MODULES = YES;
				CLANG_ENABLE_OBJC_ARC = YES;
				CLANG_ENABLE_OBJC_WEAK = YES;
				CLANG_WARN_BLOCK_CAPTURE_AUTORELEASING = YES;
				CLANG_WARN_BOOL_CONVERSION = YES;
				CLANG_WARN_COMMA = YES;
				CLANG_WARN_CONSTANT_CONVERSION = YES;
				CLANG_WARN_DEPRECATED_OBJC_IMPLEMENTATIONS = YES;
				CLANG_WARN_DIRECT_OBJC_ISA_USAGE = YES_ERROR;
				CLANG_WARN_DOCUMENTATION_COMMENTS = YES;
				CLANG_WARN_EMPTY_BODY = YES;
				CLANG_WARN_ENUM_CONVERSION = YES;
				CLANG_WARN_INFINITE_RECURSION = YES;
				CLANG_WARN_INT_CONVERSION = YES;
				CLANG_WARN_NON_LITERAL_NULL_CONVERSION = YES;
				CLANG_WARN_OBJC_IMPLICIT_RETAIN_SELF = YES;
				CLANG_WARN_OBJC_LITERAL_CONVERSION = YES;
				CLANG_WARN_OBJC_ROOT_CLASS = YES_ERROR;
				CLANG_WARN_QUOTED_INCLUDE_IN_FRAMEWORK_HEADER = YES;
				CLANG_WARN_RANGE_LOOP_ANALYSIS = YES;
				CLANG_WARN_STRICT_PROTOTYPES = YES;
				CLANG_WARN_SUSPICIOUS_MOVE = YES;
				CLANG_WARN_UNGUARDED_AVAILABILITY = YES_AGGRESSIVE;
				CLANG_WARN_UNREACHABLE_CODE = YES;
				CLANG_WARN__DUPLICATE_METHOD_MATCH = YES;
				COPY_PHASE_STRIP = NO;
				DEBUG_INFORMATION_FORMAT = "dwarf-with-dsym";
				ENABLE_NS_ASSERTIONS = NO;
				ENABLE_STRICT_OBJC_MSGSEND = YES;
				GCC_C_LANGUAGE_STANDARD = gnu11;
				GCC_NO_COMMON_BLOCKS = YES;
				GCC_WARN_64_TO_32_BIT_CONVERSION = YES;
				GCC_WARN_ABOUT_RETURN_TYPE = YES_ERROR;
				GCC_WARN_UNDECLARED_SELECTOR = YES;
				GCC_WARN_UNINITIALIZED_AUTOS = YES_AGGRESSIVE;
				GCC_WARN_UNUSED_FUNCTION = YES;
				GCC_WARN_UNUSED_VARIABLE = YES;
				IPHONEOS_DEPLOYMENT_TARGET = 14.1;
				MTL_ENABLE_DEBUG_INFO = NO;
				MTL_FAST_MATH = YES;
				SDKROOT = iphoneos;
				SWIFT_COMPILATION_MODE = wholemodule;
				SWIFT_OPTIMIZATION_LEVEL = "-O";
				VALIDATE_PRODUCT = YES;
			};
			name = Release;
		};
		AB0F1DA625FCB4A1000DBB92 /* Debug */ = {
			isa = XCBuildConfiguration;
			baseConfigurationReference = 0D7DF0B57A068F1491F94087 /* Pods-NewsReadingApp.debug.xcconfig */;
			buildSettings = {
				ASSETCATALOG_COMPILER_APPICON_NAME = AppIcon;
				ASSETCATALOG_COMPILER_GLOBAL_ACCENT_COLOR_NAME = AccentColor;
				CODE_SIGN_STYLE = Automatic;
				DEVELOPMENT_ASSET_PATHS = "\"NewsReadingApp/Preview Content\"";
				DEVELOPMENT_TEAM = TJ4MUVGY38;
				ENABLE_PREVIEWS = YES;
				INFOPLIST_FILE = NewsReadingApp/Info.plist;
				IPHONEOS_DEPLOYMENT_TARGET = 13.0;
				LD_RUNPATH_SEARCH_PATHS = (
					"$(inherited)",
					"@executable_path/Frameworks",
				);
				PRODUCT_BUNDLE_IDENTIFIER = com.hungnguy.newsreadingapp.NewsReadingApp;
				PRODUCT_NAME = "$(TARGET_NAME)";
				SWIFT_VERSION = 5.0;
				TARGETED_DEVICE_FAMILY = 1;
			};
			name = Debug;
		};
		AB0F1DA725FCB4A1000DBB92 /* Release */ = {
			isa = XCBuildConfiguration;
			baseConfigurationReference = 005B5D7B25EFCCBA569C3CD5 /* Pods-NewsReadingApp.release.xcconfig */;
			buildSettings = {
				ASSETCATALOG_COMPILER_APPICON_NAME = AppIcon;
				ASSETCATALOG_COMPILER_GLOBAL_ACCENT_COLOR_NAME = AccentColor;
				CODE_SIGN_STYLE = Automatic;
				DEVELOPMENT_ASSET_PATHS = "\"NewsReadingApp/Preview Content\"";
				DEVELOPMENT_TEAM = TJ4MUVGY38;
				ENABLE_PREVIEWS = YES;
				INFOPLIST_FILE = NewsReadingApp/Info.plist;
				IPHONEOS_DEPLOYMENT_TARGET = 13.0;
				LD_RUNPATH_SEARCH_PATHS = (
					"$(inherited)",
					"@executable_path/Frameworks",
				);
				PRODUCT_BUNDLE_IDENTIFIER = com.hungnguy.newsreadingapp.NewsReadingApp;
				PRODUCT_NAME = "$(TARGET_NAME)";
				SWIFT_VERSION = 5.0;
				TARGETED_DEVICE_FAMILY = 1;
			};
			name = Release;
		};
		AB0F1DA925FCB4A1000DBB92 /* Debug */ = {
			isa = XCBuildConfiguration;
			baseConfigurationReference = BE9C1ECD96328607CAAC86FE /* Pods-NewsReadingAppTests.debug.xcconfig */;
			buildSettings = {
				ALWAYS_EMBED_SWIFT_STANDARD_LIBRARIES = YES;
				BUNDLE_LOADER = "$(TEST_HOST)";
				CODE_SIGN_STYLE = Automatic;
				DEVELOPMENT_TEAM = TJ4MUVGY38;
				INFOPLIST_FILE = NewsReadingAppTests/Info.plist;
				IPHONEOS_DEPLOYMENT_TARGET = 14.4;
				LD_RUNPATH_SEARCH_PATHS = (
					"$(inherited)",
					"@executable_path/Frameworks",
					"@loader_path/Frameworks",
				);
				PRODUCT_BUNDLE_IDENTIFIER = com.hungnguy.newsreadingapp.NewsReadingAppTests;
				PRODUCT_NAME = "$(TARGET_NAME)";
				SWIFT_VERSION = 5.0;
				TARGETED_DEVICE_FAMILY = "1,2";
				TEST_HOST = "$(BUILT_PRODUCTS_DIR)/NewsReadingApp.app/NewsReadingApp";
			};
			name = Debug;
		};
		AB0F1DAA25FCB4A1000DBB92 /* Release */ = {
			isa = XCBuildConfiguration;
			baseConfigurationReference = 751FD8127190B507DD1CA364 /* Pods-NewsReadingAppTests.release.xcconfig */;
			buildSettings = {
				ALWAYS_EMBED_SWIFT_STANDARD_LIBRARIES = YES;
				BUNDLE_LOADER = "$(TEST_HOST)";
				CODE_SIGN_STYLE = Automatic;
				DEVELOPMENT_TEAM = TJ4MUVGY38;
				INFOPLIST_FILE = NewsReadingAppTests/Info.plist;
				IPHONEOS_DEPLOYMENT_TARGET = 14.4;
				LD_RUNPATH_SEARCH_PATHS = (
					"$(inherited)",
					"@executable_path/Frameworks",
					"@loader_path/Frameworks",
				);
				PRODUCT_BUNDLE_IDENTIFIER = com.hungnguy.newsreadingapp.NewsReadingAppTests;
				PRODUCT_NAME = "$(TARGET_NAME)";
				SWIFT_VERSION = 5.0;
				TARGETED_DEVICE_FAMILY = "1,2";
				TEST_HOST = "$(BUILT_PRODUCTS_DIR)/NewsReadingApp.app/NewsReadingApp";
			};
			name = Release;
		};
		AB0F1DAC25FCB4A1000DBB92 /* Debug */ = {
			isa = XCBuildConfiguration;
			baseConfigurationReference = BCFBB84EE20007E7C75F404B /* Pods-NewsReadingApp-NewsReadingAppUITests.debug.xcconfig */;
			buildSettings = {
				ALWAYS_EMBED_SWIFT_STANDARD_LIBRARIES = YES;
				CODE_SIGN_STYLE = Automatic;
				DEVELOPMENT_TEAM = TJ4MUVGY38;
				INFOPLIST_FILE = NewsReadingAppUITests/Info.plist;
				LD_RUNPATH_SEARCH_PATHS = (
					"$(inherited)",
					"@executable_path/Frameworks",
					"@loader_path/Frameworks",
				);
				PRODUCT_BUNDLE_IDENTIFIER = com.hungnguy.newsreadingapp.NewsReadingAppUITests;
				PRODUCT_NAME = "$(TARGET_NAME)";
				SWIFT_VERSION = 5.0;
				TARGETED_DEVICE_FAMILY = "1,2";
				TEST_TARGET_NAME = NewsReadingApp;
			};
			name = Debug;
		};
		AB0F1DAD25FCB4A1000DBB92 /* Release */ = {
			isa = XCBuildConfiguration;
			baseConfigurationReference = 8F55D702B2E684D7A7355431 /* Pods-NewsReadingApp-NewsReadingAppUITests.release.xcconfig */;
			buildSettings = {
				ALWAYS_EMBED_SWIFT_STANDARD_LIBRARIES = YES;
				CODE_SIGN_STYLE = Automatic;
				DEVELOPMENT_TEAM = TJ4MUVGY38;
				INFOPLIST_FILE = NewsReadingAppUITests/Info.plist;
				LD_RUNPATH_SEARCH_PATHS = (
					"$(inherited)",
					"@executable_path/Frameworks",
					"@loader_path/Frameworks",
				);
				PRODUCT_BUNDLE_IDENTIFIER = com.hungnguy.newsreadingapp.NewsReadingAppUITests;
				PRODUCT_NAME = "$(TARGET_NAME)";
				SWIFT_VERSION = 5.0;
				TARGETED_DEVICE_FAMILY = "1,2";
				TEST_TARGET_NAME = NewsReadingApp;
			};
			name = Release;
		};
/* End XCBuildConfiguration section */

/* Begin XCConfigurationList section */
		AB0F1D7625FCB49E000DBB92 /* Build configuration list for PBXProject "NewsReadingApp" */ = {
			isa = XCConfigurationList;
			buildConfigurations = (
				AB0F1DA325FCB4A1000DBB92 /* Debug */,
				AB0F1DA425FCB4A1000DBB92 /* Release */,
			);
			defaultConfigurationIsVisible = 0;
			defaultConfigurationName = Release;
		};
		AB0F1DA525FCB4A1000DBB92 /* Build configuration list for PBXNativeTarget "NewsReadingApp" */ = {
			isa = XCConfigurationList;
			buildConfigurations = (
				AB0F1DA625FCB4A1000DBB92 /* Debug */,
				AB0F1DA725FCB4A1000DBB92 /* Release */,
			);
			defaultConfigurationIsVisible = 0;
			defaultConfigurationName = Release;
		};
		AB0F1DA825FCB4A1000DBB92 /* Build configuration list for PBXNativeTarget "NewsReadingAppTests" */ = {
			isa = XCConfigurationList;
			buildConfigurations = (
				AB0F1DA925FCB4A1000DBB92 /* Debug */,
				AB0F1DAA25FCB4A1000DBB92 /* Release */,
			);
			defaultConfigurationIsVisible = 0;
			defaultConfigurationName = Release;
		};
		AB0F1DAB25FCB4A1000DBB92 /* Build configuration list for PBXNativeTarget "NewsReadingAppUITests" */ = {
			isa = XCConfigurationList;
			buildConfigurations = (
				AB0F1DAC25FCB4A1000DBB92 /* Debug */,
				AB0F1DAD25FCB4A1000DBB92 /* Release */,
			);
			defaultConfigurationIsVisible = 0;
			defaultConfigurationName = Release;
		};
/* End XCConfigurationList section */

/* Begin XCRemoteSwiftPackageReference section */
		AB0F1DE625FCB570000DBB92 /* XCRemoteSwiftPackageReference "BetterSafariView" */ = {
			isa = XCRemoteSwiftPackageReference;
			repositoryURL = "https://github.com/stleamist/BetterSafariView.git";
			requirement = {
				kind = upToNextMajorVersion;
				minimumVersion = 2.3.1;
			};
		};
		AB1E008825FFAAFD00F6D8B3 /* XCRemoteSwiftPackageReference "ActivityIndicatorView" */ = {
			isa = XCRemoteSwiftPackageReference;
			repositoryURL = "https://github.com/exyte/ActivityIndicatorView.git";
			requirement = {
				kind = upToNextMajorVersion;
				minimumVersion = 0.0.6;
			};
		};
		ABF7106325FF2EF0008B9263 /* XCRemoteSwiftPackageReference "SwiftUIRefresh" */ = {
			isa = XCRemoteSwiftPackageReference;
			repositoryURL = "https://github.com/timbersoftware/SwiftUIRefresh.git";
			requirement = {
				kind = upToNextMajorVersion;
				minimumVersion = 0.0.3;
			};
		};
/* End XCRemoteSwiftPackageReference section */

/* Begin XCSwiftPackageProductDependency section */
		AB0F1DE725FCB570000DBB92 /* BetterSafariView */ = {
			isa = XCSwiftPackageProductDependency;
			package = AB0F1DE625FCB570000DBB92 /* XCRemoteSwiftPackageReference "BetterSafariView" */;
			productName = BetterSafariView;
		};
		AB1E008925FFAAFD00F6D8B3 /* ActivityIndicatorView */ = {
			isa = XCSwiftPackageProductDependency;
			package = AB1E008825FFAAFD00F6D8B3 /* XCRemoteSwiftPackageReference "ActivityIndicatorView" */;
			productName = ActivityIndicatorView;
		};
		ABF7106425FF2EF0008B9263 /* SwiftUIRefresh */ = {
			isa = XCSwiftPackageProductDependency;
			package = ABF7106325FF2EF0008B9263 /* XCRemoteSwiftPackageReference "SwiftUIRefresh" */;
			productName = SwiftUIRefresh;
		};
/* End XCSwiftPackageProductDependency section */
	};
	rootObject = AB0F1D7325FCB49E000DBB92 /* Project object */;
}
